
Microsoft Visual Studio Solution File, Format Version 12.00
# Visual Studio Version 17
VisualStudioVersion = 17.0.31903.59
MinimumVisualStudioVersion = 10.0.40219.1
Project("{FAE04EC0-301F-11D3-BF4B-00C04F79EFBC}") = "CryptoLib", "CryptoLib\CryptoLib.csproj", "{A9791B73-675C-4E86-9313-DD69216FD97C}"
EndProject
Project("{FAE04EC0-301F-11D3-BF4B-00C04F79EFBC}") = "CryptoDemo", "CryptoDemo\CryptoDemo.csproj", "{26E74EE5-6A13-4158-B313-94F9DFB206CF}"
EndProject
Project("{FAE04EC0-301F-11D3-BF4B-00C04F79EFBC}") = "CryptoTests", "CryptoTests\CryptoTests.csproj", "{B310FD69-975B-43E3-B250-0F80588CB7AC}"
EndProject
Global
	GlobalSection(SolutionConfigurationPlatforms) = preSolution
		Debug|Any CPU = Debug|Any CPU
		Release|Any CPU = Release|Any CPU
	EndGlobalSection
	GlobalSection(SolutionProperties) = preSolution
		HideSolutionNode = FALSE
	EndGlobalSection
	GlobalSection(ProjectConfigurationPlatforms) = postSolution
		{A9791B73-675C-4E86-9313-DD69216FD97C}.Debug|Any CPU.ActiveCfg = Debug|Any CPU
		{A9791B73-675C-4E86-9313-DD69216FD97C}.Debug|Any CPU.Build.0 = Debug|Any CPU
		{A9791B73-675C-4E86-9313-DD69216FD97C}.Release|Any CPU.ActiveCfg = Release|Any CPU
		{A9791B73-675C-4E86-9313-DD69216FD97C}.Release|Any CPU.Build.0 = Release|Any CPU
		{26E74EE5-6A13-4158-B313-94F9DFB206CF}.Debug|Any CPU.ActiveCfg = Debug|Any CPU
		{26E74EE5-6A13-4158-B313-94F9DFB206CF}.Debug|Any CPU.Build.0 = Debug|Any CPU
		{26E74EE5-6A13-4158-B313-94F9DFB206CF}.Release|Any CPU.ActiveCfg = Release|Any CPU
		{26E74EE5-6A13-4158-B313-94F9DFB206CF}.Release|Any CPU.Build.0 = Release|Any CPU
		{B310FD69-975B-43E3-B250-0F80588CB7AC}.Debug|Any CPU.ActiveCfg = Debug|Any CPU
		{B310FD69-975B-43E3-B250-0F80588CB7AC}.Debug|Any CPU.Build.0 = Debug|Any CPU
		{B310FD69-975B-43E3-B250-0F80588CB7AC}.Release|Any CPU.ActiveCfg = Release|Any CPU
		{B310FD69-975B-43E3-B250-0F80588CB7AC}.Release|Any CPU.Build.0 = Release|Any CPU
	EndGlobalSection
EndGlobal
